
Microsoft Visual Studio Solution File, Format Version 12.00
# Visual Studio 14
VisualStudioVersion = 14.0.25420.1
MinimumVisualStudioVersion = 10.0.40219.1
Project("{FAE04EC0-301F-11D3-BF4B-00C04F79EFBC}") = "NotedUI", "NotedUI\NotedUI.csproj", "{B7DCDC1E-6998-4992-8256-511AD317265F}"
EndProject
Global
	GlobalSection(SolutionConfigurationPlatforms) = preSolution
		Debug|Any CPU = Debug|Any CPU
		Debug|Net35 = Debug|Net35
		Debug|Net40 = Debug|Net40
		Debug|WithNRefactory = Debug|WithNRefactory
		Debug|x86 = Debug|x86
		Release|Any CPU = Release|Any CPU
		Release|Net35 = Release|Net35
		Release|Net40 = Release|Net40
		Release|WithNRefactory = Release|WithNRefactory
		Release|x86 = Release|x86
	EndGlobalSection
	GlobalSection(ProjectConfigurationPlatforms) = postSolution
		{B7DCDC1E-6998-4992-8256-511AD317265F}.Debug|Any CPU.ActiveCfg = Debug|Any CPU
		{B7DCDC1E-6998-4992-8256-511AD317265F}.Debug|Any CPU.Build.0 = Debug|Any CPU
		{B7DCDC1E-6998-4992-8256-511AD317265F}.Debug|Net35.ActiveCfg = Debug|Any CPU
		{B7DCDC1E-6998-4992-8256-511AD317265F}.Debug|Net35.Build.0 = Debug|Any CPU
		{B7DCDC1E-6998-4992-8256-511AD317265F}.Debug|Net40.ActiveCfg = Debug|Any CPU
		{B7DCDC1E-6998-4992-8256-511AD317265F}.Debug|Net40.Build.0 = Debug|Any CPU
		{B7DCDC1E-6998-4992-8256-511AD317265F}.Debug|WithNRefactory.ActiveCfg = Debug|Any CPU
		{B7DCDC1E-6998-4992-8256-511AD317265F}.Debug|WithNRefactory.Build.0 = Debug|Any CPU
		{B7DCDC1E-6998-4992-8256-511AD317265F}.Debug|x86.ActiveCfg = Debug|x86
		{B7DCDC1E-6998-4992-8256-511AD317265F}.Debug|x86.Build.0 = Debug|x86
		{B7DCDC1E-6998-4992-8256-511AD317265F}.Release|Any CPU.ActiveCfg = Release|Any CPU
		{B7DCDC1E-6998-4992-8256-511AD317265F}.Release|Any CPU.Build.0 = Release|Any CPU
		{B7DCDC1E-6998-4992-8256-511AD317265F}.Release|Net35.ActiveCfg = Release|Any CPU
		{B7DCDC1E-6998-4992-8256-511AD317265F}.Release|Net35.Build.0 = Release|Any CPU
		{B7DCDC1E-6998-4992-8256-511AD317265F}.Release|Net40.ActiveCfg = Release|Any CPU
		{B7DCDC1E-6998-4992-8256-511AD317265F}.Release|Net40.Build.0 = Release|Any CPU
		{B7DCDC1E-6998-4992-8256-511AD317265F}.Release|WithNRefactory.ActiveCfg = Release|Any CPU
		{B7DCDC1E-6998-4992-8256-511AD317265F}.Release|WithNRefactory.Build.0 = Release|Any CPU
		{B7DCDC1E-6998-4992-8256-511AD317265F}.Release|x86.ActiveCfg = Release|x86
		{B7DCDC1E-6998-4992-8256-511AD317265F}.Release|x86.Build.0 = Release|x86
	EndGlobalSection
	GlobalSection(SolutionProperties) = preSolution
		HideSolutionNode = FALSE
	EndGlobalSection
EndGlobal
